{
	"name": "locreq",
	"version": "2.1.0",
	"lockfileVersion": 3,
	"requires": true,
	"packages": {
		"": {
			"name": "locreq",
			"version": "2.1.0",
			"license": "ISC",
			"dependencies": {
				"@types/node": "^14.14.16",
				"typescript": "5.5"
			}
		},
		"node_modules/@types/node": {
			"version": "14.14.16",
			"resolved": "https://registry.npmjs.org/@types/node/-/node-14.14.16.tgz",
			"integrity": "sha512-naXYePhweTi+BMv11TgioE2/FXU4fSl29HAH1ffxVciNsH3rYXjNP2yM8wqmSm7jS20gM8TIklKiTen+1iVncw=="
		},
		"node_modules/typescript": {
			"version": "5.5.4",
			"resolved": "https://registry.npmjs.org/typescript/-/typescript-5.5.4.tgz",
			"integrity": "sha512-Mtq29sKDAEYP7aljRgtPOpTvOfbwRWlS6dPRzwjdE+C0R4brX/GUyhHSecbHMFLNBLcJIPt9nl9yG5TZ1weH+Q==",
			"bin": {
				"tsc": "bin/tsc",
				"tsserver": "bin/tsserver"
			},
			"engines": {
				"node": ">=14.17"
			}
		}
	}
}
